{
  "version": 4,
  "terraform_version": "1.4.4",
  "serial": 50,
  "lineage": "6d0bb7f1-504e-e860-63e6-0a3a5953cb01",
  "outputs": {},
  "resources": [
    {
      "mode": "data",
      "type": "aws_availability_zones",
      "name": "available",
      "provider": "provider[\"registry.terraform.io/hashicorp/aws\"]",
      "instances": [
        {
          "schema_version": 0,
          "attributes": {
            "all_availability_zones": null,
            "exclude_names": [
              "ap-northeast-2a",
              "ap-northeast-2b"
            ],
            "exclude_zone_ids": null,
            "filter": null,
            "group_names": [
              "ap-northeast-2"
            ],
            "id": "ap-northeast-2",
            "names": [
              "ap-northeast-2c",
              "ap-northeast-2d"
            ],
            "state": null,
            "timeouts": null,
            "zone_ids": [
              "apne2-az3",
              "apne2-az4"
            ]
          },
          "sensitive_attributes": []
        }
      ]
    },
    {
      "mode": "managed",
      "type": "aws_eks_cluster",
      "name": "test-eks-cluster",
      "provider": "provider[\"registry.terraform.io/hashicorp/aws\"]",
      "instances": [
        {
          "schema_version": 0,
          "attributes": {
            "arn": "arn:aws:eks:ap-northeast-2:950104362624:cluster/test-eks-cluster",
            "certificate_authority": [
              {
                "data": "LS0tLS1CRUdJTiBDRVJUSUZJQ0FURS0tLS0tCk1JSUMvakNDQWVhZ0F3SUJBZ0lCQURBTkJna3Foa2lHOXcwQkFRc0ZBREFWTVJNd0VRWURWUVFERXdwcmRXSmwKY201bGRHVnpNQjRYRFRJek1EWXhOekEyTXpjME5Wb1hEVE16TURZeE5EQTJNemMwTlZvd0ZURVRNQkVHQTFVRQpBeE1LYTNWaVpYSnVaWFJsY3pDQ0FTSXdEUVlKS29aSWh2Y05BUUVCQlFBRGdnRVBBRENDQVFvQ2dnRUJBTitWClNvM251MWRqVENTUm5BSUhtVU55QUY0UnA0RmpKakxPMWlUckhsVitxdXBSa1RvbjRGQ0Vpei9qTkVWRGJCTFUKVUczdXJkemRJYk9paXFVQXk2ckJLOTY0RHRMdVBWWlg5dTdJQWNuQVJVWHArZEJjTFJIY0JYSXZVdS92dUNsaAppUjhyckxvSkdHK3c2WnZvOEUrT0xMdDkxTDM4b1hiVDdQYUNlTEN3Y1VYTVppYkQxNFZRVlNZTS9QL1UzMm9uCkl0Ry95bU93UXcxUWpkbTYzNVNYb09JaVJTSWYyYWZneUgySnBvWjNNRUlEbmdKaTFIWjRRWjdtd1JuRi9pckgKZ1dMMmk2bC9LSEV5MEQwbDhHS2ZNQi8yemJLcEJ2enVRVi9Mc1NqZjdjSGNMVXozVThkV1JQNC9jcmZVSFN4eApLZ21FcEc2SHZCUytydnpYamtrQ0F3RUFBYU5aTUZjd0RnWURWUjBQQVFIL0JBUURBZ0trTUE4R0ExVWRFd0VCCi93UUZNQU1CQWY4d0hRWURWUjBPQkJZRUZJbmZ2cEFtODlyWHVROXRlb2lNbjRSbVB6YXhNQlVHQTFVZEVRUU8KTUF5Q0NtdDFZbVZ5Ym1WMFpYTXdEUVlKS29aSWh2Y05BUUVMQlFBRGdnRUJBS2ZmaitsUm9qUWZJM1RhajhmSwpWVjJXYkY0TDB1S1E2Sk44RzVpNVZIRVV0Mm1WVFpxbnhNaGRQWng2K0R4TWZhM2FiQWhmMmNWc0ZUWThMOUhPCkkyMGVsSFpseTg0elRTTDIwMXA5R2ZubmRSL0FBSFRqcVBrK1F4WE84bHpPYlNXSzVsK3krbzJDcUJxWTI0MjMKbDZoL29Yek1BalVkSStNby9DcHdYM2NZaGV6Y1FNeDFheTdpMXh3dSsvL096dmFmT2NlWmRYTGdSRGZVY1NLWApHUDR6c2NiU3FITEg3ajRQU2RPd2VCajRuRmQyWnVuUXRDMUwxMUhNcy9TUHg5elZUUXQ3NUVtL0JJVVBuRFBKCnVXSFhEYU1qdEdSMmtIOFdiQzRTMFZUcUdxaVA2UzNjYmhrY3l4bE1TSTlPQ2s2cUJ2d3c2UzU5TXlPRXA2MHIKa0tRPQotLS0tLUVORCBDRVJUSUZJQ0FURS0tLS0tCg=="
              }
            ],
            "cluster_id": null,
            "created_at": "2023-06-17 06:32:41.78 +0000 UTC",
            "enabled_cluster_log_types": [
              "api",
              "audit",
              "authenticator",
              "controllerManager",
              "scheduler"
            ],
            "encryption_config": [],
            "endpoint": "https://AB6303A21BDC38C25A1B11979C4B0E59.gr7.ap-northeast-2.eks.amazonaws.com",
            "id": "test-eks-cluster",
            "identity": [
              {
                "oidc": [
                  {
                    "issuer": "https://oidc.eks.ap-northeast-2.amazonaws.com/id/AB6303A21BDC38C25A1B11979C4B0E59"
                  }
                ]
              }
            ],
            "kubernetes_network_config": [
              {
                "ip_family": "ipv4",
                "service_ipv4_cidr": "172.20.0.0/16",
                "service_ipv6_cidr": ""
              }
            ],
            "name": "test-eks-cluster",
            "outpost_config": [],
            "platform_version": "eks.3",
            "role_arn": "arn:aws:iam::950104362624:role/test-iam-role-eks-cluster",
            "status": "ACTIVE",
            "tags": null,
            "tags_all": {},
            "timeouts": null,
            "version": "1.26",
            "vpc_config": [
              {
                "cluster_security_group_id": "sg-0cd529fda4ee0a996",
                "endpoint_private_access": false,
                "endpoint_public_access": true,
                "public_access_cidrs": [
                  "0.0.0.0/0"
                ],
                "security_group_ids": [
                  "sg-060a40a29652ca87b"
                ],
                "subnet_ids": [
                  "subnet-06c1620b8ca92943d",
                  "subnet-089269c1c596da59e"
                ],
                "vpc_id": "vpc-0730c58d9e2cdacf9"
              }
            ]
          },
          "sensitive_attributes": [],
          "private": "eyJlMmJmYjczMC1lY2FhLTExZTYtOGY4OC0zNDM2M2JjN2M0YzAiOnsiY3JlYXRlIjoxODAwMDAwMDAwMDAwLCJkZWxldGUiOjkwMDAwMDAwMDAwMCwidXBkYXRlIjozNjAwMDAwMDAwMDAwfX0=",
          "dependencies": [
            "aws_iam_role.test-iam-role-eks-cluster",
            "aws_iam_role_policy_attachment.test-iam-policy-eks-cluster",
            "aws_iam_role_policy_attachment.test-iam-policy-eks-cluster-vpc",
            "aws_security_group.test-sg-eks-cluster"
          ]
        }
      ]
    },
    {
      "mode": "managed",
      "type": "aws_eks_node_group",
      "name": "test-eks-nodegroup",
      "provider": "provider[\"registry.terraform.io/hashicorp/aws\"]",
      "instances": [
        {
          "schema_version": 0,
          "attributes": {
            "ami_type": "AL2_x86_64",
            "arn": "arn:aws:eks:ap-northeast-2:950104362624:nodegroup/test-eks-cluster/test-eks-nodegroup/3ec4640b-2212-25df-c64a-750bbef4975e",
            "capacity_type": "ON_DEMAND",
            "cluster_name": "test-eks-cluster",
            "disk_size": 20,
            "force_update_version": null,
            "id": "test-eks-cluster:test-eks-nodegroup",
            "instance_types": [
              "t3a.medium"
            ],
            "labels": {
              "role": "eks-nodegroup"
            },
            "launch_template": [],
            "node_group_name": "test-eks-nodegroup",
            "node_group_name_prefix": "",
            "node_role_arn": "arn:aws:iam::950104362624:role/test-iam-role-eks-nodegroup",
            "release_version": "1.26.4-20230607",
            "remote_access": [],
            "resources": [
              {
                "autoscaling_groups": [
                  {
                    "name": "eks-test-eks-nodegroup-3ec4640b-2212-25df-c64a-750bbef4975e"
                  }
                ],
                "remote_access_security_group_id": ""
              }
            ],
            "scaling_config": [
              {
                "desired_size": 2,
                "max_size": 3,
                "min_size": 1
              }
            ],
            "status": "ACTIVE",
            "subnet_ids": [
              "subnet-06c1620b8ca92943d",
              "subnet-089269c1c596da59e"
            ],
            "tags": {
              "Name": "test-eks-cluster-worker-node"
            },
            "tags_all": {
              "Name": "test-eks-cluster-worker-node"
            },
            "taint": [],
            "timeouts": null,
            "update_config": [
              {
                "max_unavailable": 1,
                "max_unavailable_percentage": 0
              }
            ],
            "version": "1.26"
          },
          "sensitive_attributes": [],
          "private": "eyJlMmJmYjczMC1lY2FhLTExZTYtOGY4OC0zNDM2M2JjN2M0YzAiOnsiY3JlYXRlIjozNjAwMDAwMDAwMDAwLCJkZWxldGUiOjM2MDAwMDAwMDAwMDAsInVwZGF0ZSI6MzYwMDAwMDAwMDAwMH19",
          "dependencies": [
            "aws_eks_cluster.test-eks-cluster",
            "aws_iam_role.test-iam-role-eks-cluster",
            "aws_iam_role.test-iam-role-eks-nodegroup",
            "aws_iam_role_policy_attachment.test-iam-policy-eks-cluster",
            "aws_iam_role_policy_attachment.test-iam-policy-eks-cluster-vpc",
            "aws_iam_role_policy_attachment.test-iam-policy-eks-nodegroup",
            "aws_iam_role_policy_attachment.test-iam-policy-eks-nodegroup-cni",
            "aws_iam_role_policy_attachment.test-iam-policy-eks-nodegroup-ecr",
            "aws_security_group.test-sg-eks-cluster"
          ]
        }
      ]
    },
    {
      "mode": "managed",
      "type": "aws_iam_role",
      "name": "test-iam-role-eks-cluster",
      "provider": "provider[\"registry.terraform.io/hashicorp/aws\"]",
      "instances": [
        {
          "schema_version": 0,
          "attributes": {
            "arn": "arn:aws:iam::950104362624:role/test-iam-role-eks-cluster",
            "assume_role_policy": "{\"Statement\":[{\"Action\":\"sts:AssumeRole\",\"Effect\":\"Allow\",\"Principal\":{\"Service\":\"eks.amazonaws.com\"}}],\"Version\":\"2012-10-17\"}",
            "create_date": "2023-06-17T06:32:37Z",
            "description": "",
            "force_detach_policies": false,
            "id": "test-iam-role-eks-cluster",
            "inline_policy": [],
            "managed_policy_arns": [],
            "max_session_duration": 3600,
            "name": "test-iam-role-eks-cluster",
            "name_prefix": "",
            "path": "/",
            "permissions_boundary": null,
            "tags": null,
            "tags_all": {},
            "unique_id": "AROA52NVCB2ANEAEGZG7S"
          },
          "sensitive_attributes": [],
          "private": "bnVsbA=="
        }
      ]
    },
    {
      "mode": "managed",
      "type": "aws_iam_role",
      "name": "test-iam-role-eks-nodegroup",
      "provider": "provider[\"registry.terraform.io/hashicorp/aws\"]",
      "instances": [
        {
          "schema_version": 0,
          "attributes": {
            "arn": "arn:aws:iam::950104362624:role/test-iam-role-eks-nodegroup",
            "assume_role_policy": "{\"Statement\":[{\"Action\":\"sts:AssumeRole\",\"Effect\":\"Allow\",\"Principal\":{\"Service\":\"ec2.amazonaws.com\"}}],\"Version\":\"2012-10-17\"}",
            "create_date": "2023-06-17T06:32:37Z",
            "description": "",
            "force_detach_policies": false,
            "id": "test-iam-role-eks-nodegroup",
            "inline_policy": [],
            "managed_policy_arns": [],
            "max_session_duration": 3600,
            "name": "test-iam-role-eks-nodegroup",
            "name_prefix": "",
            "path": "/",
            "permissions_boundary": null,
            "tags": null,
            "tags_all": {},
            "unique_id": "AROA52NVCB2ACPPUPLIUT"
          },
          "sensitive_attributes": [],
          "private": "bnVsbA=="
        }
      ]
    },
    {
      "mode": "managed",
      "type": "aws_iam_role_policy_attachment",
      "name": "test-iam-policy-eks-cluster",
      "provider": "provider[\"registry.terraform.io/hashicorp/aws\"]",
      "instances": [
        {
          "schema_version": 0,
          "attributes": {
            "id": "test-iam-role-eks-cluster-20230617063238809200000004",
            "policy_arn": "arn:aws:iam::aws:policy/AmazonEKSClusterPolicy",
            "role": "test-iam-role-eks-cluster"
          },
          "sensitive_attributes": [],
          "private": "bnVsbA==",
          "dependencies": [
            "aws_iam_role.test-iam-role-eks-cluster"
          ]
        }
      ]
    },
    {
      "mode": "managed",
      "type": "aws_iam_role_policy_attachment",
      "name": "test-iam-policy-eks-cluster-vpc",
      "provider": "provider[\"registry.terraform.io/hashicorp/aws\"]",
      "instances": [
        {
          "schema_version": 0,
          "attributes": {
            "id": "test-iam-role-eks-cluster-20230617063239050300000005",
            "policy_arn": "arn:aws:iam::aws:policy/AmazonEKSVPCResourceController",
            "role": "test-iam-role-eks-cluster"
          },
          "sensitive_attributes": [],
          "private": "bnVsbA==",
          "dependencies": [
            "aws_iam_role.test-iam-role-eks-cluster"
          ]
        }
      ]
    },
    {
      "mode": "managed",
      "type": "aws_iam_role_policy_attachment",
      "name": "test-iam-policy-eks-nodegroup",
      "provider": "provider[\"registry.terraform.io/hashicorp/aws\"]",
      "instances": [
        {
          "schema_version": 0,
          "attributes": {
            "id": "test-iam-role-eks-nodegroup-20230617063238466900000002",
            "policy_arn": "arn:aws:iam::aws:policy/AmazonEKSWorkerNodePolicy",
            "role": "test-iam-role-eks-nodegroup"
          },
          "sensitive_attributes": [],
          "private": "bnVsbA==",
          "dependencies": [
            "aws_iam_role.test-iam-role-eks-nodegroup"
          ]
        }
      ]
    },
    {
      "mode": "managed",
      "type": "aws_iam_role_policy_attachment",
      "name": "test-iam-policy-eks-nodegroup-cni",
      "provider": "provider[\"registry.terraform.io/hashicorp/aws\"]",
      "instances": [
        {
          "schema_version": 0,
          "attributes": {
            "id": "test-iam-role-eks-nodegroup-20230617063238760700000003",
            "policy_arn": "arn:aws:iam::aws:policy/AmazonEKS_CNI_Policy",
            "role": "test-iam-role-eks-nodegroup"
          },
          "sensitive_attributes": [],
          "private": "bnVsbA==",
          "dependencies": [
            "aws_iam_role.test-iam-role-eks-nodegroup"
          ]
        }
      ]
    },
    {
      "mode": "managed",
      "type": "aws_iam_role_policy_attachment",
      "name": "test-iam-policy-eks-nodegroup-ecr",
      "provider": "provider[\"registry.terraform.io/hashicorp/aws\"]",
      "instances": [
        {
          "schema_version": 0,
          "attributes": {
            "id": "test-iam-role-eks-nodegroup-20230617063238463500000001",
            "policy_arn": "arn:aws:iam::aws:policy/AmazonEC2ContainerRegistryReadOnly",
            "role": "test-iam-role-eks-nodegroup"
          },
          "sensitive_attributes": [],
          "private": "bnVsbA==",
          "dependencies": [
            "aws_iam_role.test-iam-role-eks-nodegroup"
          ]
        }
      ]
    },
    {
      "mode": "managed",
      "type": "aws_security_group",
      "name": "test-sg-eks-cluster",
      "provider": "provider[\"registry.terraform.io/hashicorp/aws\"]",
      "instances": [
        {
          "schema_version": 1,
          "attributes": {
            "arn": "arn:aws:ec2:ap-northeast-2:950104362624:security-group/sg-060a40a29652ca87b",
            "description": "security_group for test-eks-cluster",
            "egress": [],
            "id": "sg-060a40a29652ca87b",
            "ingress": [],
            "name": "test-sg-eks-cluster",
            "name_prefix": "",
            "owner_id": "950104362624",
            "revoke_rules_on_delete": false,
            "tags": {
              "Name": "test-sg-eks-cluster"
            },
            "tags_all": {
              "Name": "test-sg-eks-cluster"
            },
            "timeouts": null,
            "vpc_id": "vpc-0730c58d9e2cdacf9"
          },
          "sensitive_attributes": [],
          "private": "eyJlMmJmYjczMC1lY2FhLTExZTYtOGY4OC0zNDM2M2JjN2M0YzAiOnsiY3JlYXRlIjo2MDAwMDAwMDAwMDAsImRlbGV0ZSI6OTAwMDAwMDAwMDAwfSwic2NoZW1hX3ZlcnNpb24iOiIxIn0="
        }
      ]
    },
    {
      "mode": "managed",
      "type": "aws_security_group_rule",
      "name": "test-sg-eks-cluster-egress",
      "provider": "provider[\"registry.terraform.io/hashicorp/aws\"]",
      "instances": [
        {
          "schema_version": 2,
          "attributes": {
            "cidr_blocks": [
              "0.0.0.0/0"
            ],
            "description": "egress security_group_rule for test-eks-cluster",
            "from_port": 0,
            "id": "sgrule-3600220386",
            "ipv6_cidr_blocks": null,
            "prefix_list_ids": null,
            "protocol": "-1",
            "security_group_id": "sg-060a40a29652ca87b",
            "security_group_rule_id": "sgr-0ab9b9cd55861440e",
            "self": false,
            "source_security_group_id": null,
            "timeouts": null,
            "to_port": 0,
            "type": "egress"
          },
          "sensitive_attributes": [],
          "private": "eyJlMmJmYjczMC1lY2FhLTExZTYtOGY4OC0zNDM2M2JjN2M0YzAiOnsiY3JlYXRlIjozMDAwMDAwMDAwMDB9LCJzY2hlbWFfdmVyc2lvbiI6IjIifQ==",
          "dependencies": [
            "aws_security_group.test-sg-eks-cluster"
          ]
        }
      ]
    },
    {
      "mode": "managed",
      "type": "aws_security_group_rule",
      "name": "test-sg-eks-cluster-ingress",
      "provider": "provider[\"registry.terraform.io/hashicorp/aws\"]",
      "instances": [
        {
          "schema_version": 2,
          "attributes": {
            "cidr_blocks": [
              "0.0.0.0/0"
            ],
            "description": "ingress security_group_rule for test-eks-cluster",
            "from_port": 0,
            "id": "sgrule-3436197632",
            "ipv6_cidr_blocks": null,
            "prefix_list_ids": null,
            "protocol": "-1",
            "security_group_id": "sg-060a40a29652ca87b",
            "security_group_rule_id": "sgr-0493359118df4e5ff",
            "self": false,
            "source_security_group_id": null,
            "timeouts": null,
            "to_port": 0,
            "type": "ingress"
          },
          "sensitive_attributes": [],
          "private": "eyJlMmJmYjczMC1lY2FhLTExZTYtOGY4OC0zNDM2M2JjN2M0YzAiOnsiY3JlYXRlIjozMDAwMDAwMDAwMDB9LCJzY2hlbWFfdmVyc2lvbiI6IjIifQ==",
          "dependencies": [
            "aws_security_group.test-sg-eks-cluster"
          ]
        }
      ]
    }
  ],
  "check_results": null
}
